
Microsoft Visual Studio Solution File, Format Version 12.00
# Visual Studio Version 16
VisualStudioVersion = 16.0.28803.202
MinimumVisualStudioVersion = 10.0.40219.1
Project("{8BC9CEB8-8B4A-11D0-8D11-00A0C91BC942}") = "Project92", "Project92\Project92.vcxproj", "{081F73EB-CEE5-4EEB-B2F4-99F4CD58F8D8}"
EndProject
Global
	GlobalSection(SolutionConfigurationPlatforms) = preSolution
		Debug|x64 = Debug|x64
		Debug|x86 = Debug|x86
		Release|x64 = Release|x64
		Release|x86 = Release|x86
	EndGlobalSection
	GlobalSection(ProjectConfigurationPlatforms) = postSolution
		{081F73EB-CEE5-4EEB-B2F4-99F4CD58F8D8}.Debug|x64.ActiveCfg = Debug|x64
		{081F73EB-CEE5-4EEB-B2F4-99F4CD58F8D8}.Debug|x64.Build.0 = Debug|x64
		{081F73EB-CEE5-4EEB-B2F4-99F4CD58F8D8}.Debug|x86.ActiveCfg = Debug|Win32
		{081F73EB-CEE5-4EEB-B2F4-99F4CD58F8D8}.Debug|x86.Build.0 = Debug|Win32
		{081F73EB-CEE5-4EEB-B2F4-99F4CD58F8D8}.Release|x64.ActiveCfg = Release|x64
		{081F73EB-CEE5-4EEB-B2F4-99F4CD58F8D8}.Release|x64.Build.0 = Release|x64
		{081F73EB-CEE5-4EEB-B2F4-99F4CD58F8D8}.Release|x86.ActiveCfg = Release|Win32
		{081F73EB-CEE5-4EEB-B2F4-99F4CD58F8D8}.Release|x86.Build.0 = Release|Win32
	EndGlobalSection
	GlobalSection(SolutionProperties) = preSolution
		HideSolutionNode = FALSE
	EndGlobalSection
	GlobalSection(ExtensibilityGlobals) = postSolution
		SolutionGuid = {8BC5B265-EE62-4A97-B980-E16FA8F593F4}
	EndGlobalSection
EndGlobal
