
Microsoft Visual Studio Solution File, Format Version 12.00
# Visual Studio Version 16
VisualStudioVersion = 16.0.30002.166
MinimumVisualStudioVersion = 10.0.40219.1
Project("{8BC9CEB8-8B4A-11D0-8D11-00A0C91BC942}") = "Project14", "Project14.vcxproj", "{EB78B4D5-493D-4DF9-A88A-4159A39732E7}"
EndProject
Global
	GlobalSection(SolutionConfigurationPlatforms) = preSolution
		Debug|x64 = Debug|x64
		Debug|x86 = Debug|x86
		Release|x64 = Release|x64
		Release|x86 = Release|x86
	EndGlobalSection
	GlobalSection(ProjectConfigurationPlatforms) = postSolution
		{EB78B4D5-493D-4DF9-A88A-4159A39732E7}.Debug|x64.ActiveCfg = Debug|x64
		{EB78B4D5-493D-4DF9-A88A-4159A39732E7}.Debug|x64.Build.0 = Debug|x64
		{EB78B4D5-493D-4DF9-A88A-4159A39732E7}.Debug|x86.ActiveCfg = Debug|Win32
		{EB78B4D5-493D-4DF9-A88A-4159A39732E7}.Debug|x86.Build.0 = Debug|Win32
		{EB78B4D5-493D-4DF9-A88A-4159A39732E7}.Release|x64.ActiveCfg = Release|x64
		{EB78B4D5-493D-4DF9-A88A-4159A39732E7}.Release|x64.Build.0 = Release|x64
		{EB78B4D5-493D-4DF9-A88A-4159A39732E7}.Release|x86.ActiveCfg = Release|Win32
		{EB78B4D5-493D-4DF9-A88A-4159A39732E7}.Release|x86.Build.0 = Release|Win32
	EndGlobalSection
	GlobalSection(SolutionProperties) = preSolution
		HideSolutionNode = FALSE
	EndGlobalSection
	GlobalSection(ExtensibilityGlobals) = postSolution
		SolutionGuid = {8F4C42A8-C579-4E40-9C1C-CB5B5DC0185E}
	EndGlobalSection
EndGlobal
