
Microsoft Visual Studio Solution File, Format Version 12.00
# Visual Studio Version 16
VisualStudioVersion = 16.0.30002.166
MinimumVisualStudioVersion = 10.0.40219.1
Project("{8BC9CEB8-8B4A-11D0-8D11-00A0C91BC942}") = "Project44", "Project44.vcxproj", "{206D26BF-D2D2-41E4-AC59-440AC654738E}"
EndProject
Global
	GlobalSection(SolutionConfigurationPlatforms) = preSolution
		Debug|x64 = Debug|x64
		Debug|x86 = Debug|x86
		Release|x64 = Release|x64
		Release|x86 = Release|x86
	EndGlobalSection
	GlobalSection(ProjectConfigurationPlatforms) = postSolution
		{206D26BF-D2D2-41E4-AC59-440AC654738E}.Debug|x64.ActiveCfg = Debug|x64
		{206D26BF-D2D2-41E4-AC59-440AC654738E}.Debug|x64.Build.0 = Debug|x64
		{206D26BF-D2D2-41E4-AC59-440AC654738E}.Debug|x86.ActiveCfg = Debug|Win32
		{206D26BF-D2D2-41E4-AC59-440AC654738E}.Debug|x86.Build.0 = Debug|Win32
		{206D26BF-D2D2-41E4-AC59-440AC654738E}.Release|x64.ActiveCfg = Release|x64
		{206D26BF-D2D2-41E4-AC59-440AC654738E}.Release|x64.Build.0 = Release|x64
		{206D26BF-D2D2-41E4-AC59-440AC654738E}.Release|x86.ActiveCfg = Release|Win32
		{206D26BF-D2D2-41E4-AC59-440AC654738E}.Release|x86.Build.0 = Release|Win32
	EndGlobalSection
	GlobalSection(SolutionProperties) = preSolution
		HideSolutionNode = FALSE
	EndGlobalSection
	GlobalSection(ExtensibilityGlobals) = postSolution
		SolutionGuid = {4F535A1E-2324-4263-96CA-C23BEA1BDA23}
	EndGlobalSection
EndGlobal
