
Microsoft Visual Studio Solution File, Format Version 12.00
# Visual Studio Version 16
VisualStudioVersion = 16.0.30002.166
MinimumVisualStudioVersion = 10.0.40219.1
Project("{8BC9CEB8-8B4A-11D0-8D11-00A0C91BC942}") = "Example4", "Example4.vcxproj", "{7432BF83-5AA1-499F-8CF3-AFD3169E2002}"
EndProject
Global
	GlobalSection(SolutionConfigurationPlatforms) = preSolution
		Debug|x64 = Debug|x64
		Debug|x86 = Debug|x86
		Release|x64 = Release|x64
		Release|x86 = Release|x86
	EndGlobalSection
	GlobalSection(ProjectConfigurationPlatforms) = postSolution
		{7432BF83-5AA1-499F-8CF3-AFD3169E2002}.Debug|x64.ActiveCfg = Debug|x64
		{7432BF83-5AA1-499F-8CF3-AFD3169E2002}.Debug|x64.Build.0 = Debug|x64
		{7432BF83-5AA1-499F-8CF3-AFD3169E2002}.Debug|x86.ActiveCfg = Debug|Win32
		{7432BF83-5AA1-499F-8CF3-AFD3169E2002}.Debug|x86.Build.0 = Debug|Win32
		{7432BF83-5AA1-499F-8CF3-AFD3169E2002}.Release|x64.ActiveCfg = Release|x64
		{7432BF83-5AA1-499F-8CF3-AFD3169E2002}.Release|x64.Build.0 = Release|x64
		{7432BF83-5AA1-499F-8CF3-AFD3169E2002}.Release|x86.ActiveCfg = Release|Win32
		{7432BF83-5AA1-499F-8CF3-AFD3169E2002}.Release|x86.Build.0 = Release|Win32
	EndGlobalSection
	GlobalSection(SolutionProperties) = preSolution
		HideSolutionNode = FALSE
	EndGlobalSection
	GlobalSection(ExtensibilityGlobals) = postSolution
		SolutionGuid = {0C196356-FF34-408A-9C22-B17530691DBA}
	EndGlobalSection
EndGlobal
