
Microsoft Visual Studio Solution File, Format Version 12.00
# Visual Studio Version 16
VisualStudioVersion = 16.0.28803.202
MinimumVisualStudioVersion = 10.0.40219.1
Project("{8BC9CEB8-8B4A-11D0-8D11-00A0C91BC942}") = "Project11", "Project11.vcxproj", "{6C1F0D94-92B5-4900-816E-14E122B0F4C2}"
EndProject
Global
	GlobalSection(SolutionConfigurationPlatforms) = preSolution
		Debug|x64 = Debug|x64
		Debug|x86 = Debug|x86
		Release|x64 = Release|x64
		Release|x86 = Release|x86
	EndGlobalSection
	GlobalSection(ProjectConfigurationPlatforms) = postSolution
		{6C1F0D94-92B5-4900-816E-14E122B0F4C2}.Debug|x64.ActiveCfg = Debug|x64
		{6C1F0D94-92B5-4900-816E-14E122B0F4C2}.Debug|x64.Build.0 = Debug|x64
		{6C1F0D94-92B5-4900-816E-14E122B0F4C2}.Debug|x86.ActiveCfg = Debug|Win32
		{6C1F0D94-92B5-4900-816E-14E122B0F4C2}.Debug|x86.Build.0 = Debug|Win32
		{6C1F0D94-92B5-4900-816E-14E122B0F4C2}.Release|x64.ActiveCfg = Release|x64
		{6C1F0D94-92B5-4900-816E-14E122B0F4C2}.Release|x64.Build.0 = Release|x64
		{6C1F0D94-92B5-4900-816E-14E122B0F4C2}.Release|x86.ActiveCfg = Release|Win32
		{6C1F0D94-92B5-4900-816E-14E122B0F4C2}.Release|x86.Build.0 = Release|Win32
	EndGlobalSection
	GlobalSection(SolutionProperties) = preSolution
		HideSolutionNode = FALSE
	EndGlobalSection
	GlobalSection(ExtensibilityGlobals) = postSolution
		SolutionGuid = {B9217A99-3E38-4E6B-B603-C4D26C81BE6E}
	EndGlobalSection
EndGlobal
