
Microsoft Visual Studio Solution File, Format Version 12.00
# Visual Studio Version 16
VisualStudioVersion = 16.0.28803.202
MinimumVisualStudioVersion = 10.0.40219.1
Project("{8BC9CEB8-8B4A-11D0-8D11-00A0C91BC942}") = "Project9", "Project9.vcxproj", "{BADE7370-C2B8-41D0-9101-1DC8F216D38C}"
EndProject
Global
	GlobalSection(SolutionConfigurationPlatforms) = preSolution
		Debug|x64 = Debug|x64
		Debug|x86 = Debug|x86
		Release|x64 = Release|x64
		Release|x86 = Release|x86
	EndGlobalSection
	GlobalSection(ProjectConfigurationPlatforms) = postSolution
		{BADE7370-C2B8-41D0-9101-1DC8F216D38C}.Debug|x64.ActiveCfg = Debug|x64
		{BADE7370-C2B8-41D0-9101-1DC8F216D38C}.Debug|x64.Build.0 = Debug|x64
		{BADE7370-C2B8-41D0-9101-1DC8F216D38C}.Debug|x86.ActiveCfg = Debug|Win32
		{BADE7370-C2B8-41D0-9101-1DC8F216D38C}.Debug|x86.Build.0 = Debug|Win32
		{BADE7370-C2B8-41D0-9101-1DC8F216D38C}.Release|x64.ActiveCfg = Release|x64
		{BADE7370-C2B8-41D0-9101-1DC8F216D38C}.Release|x64.Build.0 = Release|x64
		{BADE7370-C2B8-41D0-9101-1DC8F216D38C}.Release|x86.ActiveCfg = Release|Win32
		{BADE7370-C2B8-41D0-9101-1DC8F216D38C}.Release|x86.Build.0 = Release|Win32
	EndGlobalSection
	GlobalSection(SolutionProperties) = preSolution
		HideSolutionNode = FALSE
	EndGlobalSection
	GlobalSection(ExtensibilityGlobals) = postSolution
		SolutionGuid = {23A9D221-94A8-4E7E-B410-BD9E16FDA571}
	EndGlobalSection
EndGlobal
