
Microsoft Visual Studio Solution File, Format Version 12.00
# Visual Studio Version 16
VisualStudioVersion = 16.0.30002.166
MinimumVisualStudioVersion = 10.0.40219.1
Project("{8BC9CEB8-8B4A-11D0-8D11-00A0C91BC942}") = "Example5", "Example5.vcxproj", "{C55BFEE2-6036-4360-AC8F-9B4FFB83AA5B}"
EndProject
Global
	GlobalSection(SolutionConfigurationPlatforms) = preSolution
		Debug|x64 = Debug|x64
		Debug|x86 = Debug|x86
		Release|x64 = Release|x64
		Release|x86 = Release|x86
	EndGlobalSection
	GlobalSection(ProjectConfigurationPlatforms) = postSolution
		{C55BFEE2-6036-4360-AC8F-9B4FFB83AA5B}.Debug|x64.ActiveCfg = Debug|x64
		{C55BFEE2-6036-4360-AC8F-9B4FFB83AA5B}.Debug|x64.Build.0 = Debug|x64
		{C55BFEE2-6036-4360-AC8F-9B4FFB83AA5B}.Debug|x86.ActiveCfg = Debug|Win32
		{C55BFEE2-6036-4360-AC8F-9B4FFB83AA5B}.Debug|x86.Build.0 = Debug|Win32
		{C55BFEE2-6036-4360-AC8F-9B4FFB83AA5B}.Release|x64.ActiveCfg = Release|x64
		{C55BFEE2-6036-4360-AC8F-9B4FFB83AA5B}.Release|x64.Build.0 = Release|x64
		{C55BFEE2-6036-4360-AC8F-9B4FFB83AA5B}.Release|x86.ActiveCfg = Release|Win32
		{C55BFEE2-6036-4360-AC8F-9B4FFB83AA5B}.Release|x86.Build.0 = Release|Win32
	EndGlobalSection
	GlobalSection(SolutionProperties) = preSolution
		HideSolutionNode = FALSE
	EndGlobalSection
	GlobalSection(ExtensibilityGlobals) = postSolution
		SolutionGuid = {959B32BA-4CCC-488F-907C-210A770276E6}
	EndGlobalSection
EndGlobal
